
Microsoft Visual Studio Solution File, Format Version 12.00
# Visual Studio Version 17
VisualStudioVersion = 17.13.35919.96 d17.13
MinimumVisualStudioVersion = 10.0.40219.1
Project("{FAE04EC0-301F-11D3-BF4B-00C04F79EFBC}") = "SistemaAdministrativoAPI", "SistemaAdministrativoAPI\SistemaAdministrativoAPI.csproj", "{ACB5323A-FDCD-4AB6-B258-6C28B36F2998}"
EndProject
Global
	GlobalSection(SolutionConfigurationPlatforms) = preSolution
		Debug|Any CPU = Debug|Any CPU
		Release|Any CPU = Release|Any CPU
	EndGlobalSection
	GlobalSection(ProjectConfigurationPlatforms) = postSolution
		{ACB5323A-FDCD-4AB6-B258-6C28B36F2998}.Debug|Any CPU.ActiveCfg = Debug|Any CPU
		{ACB5323A-FDCD-4AB6-B258-6C28B36F2998}.Debug|Any CPU.Build.0 = Debug|Any CPU
		{ACB5323A-FDCD-4AB6-B258-6C28B36F2998}.Release|Any CPU.ActiveCfg = Release|Any CPU
		{ACB5323A-FDCD-4AB6-B258-6C28B36F2998}.Release|Any CPU.Build.0 = Release|Any CPU
	EndGlobalSection
	GlobalSection(SolutionProperties) = preSolution
		HideSolutionNode = FALSE
	EndGlobalSection
	GlobalSection(ExtensibilityGlobals) = postSolution
		SolutionGuid = {114D77CE-69F4-412C-BF06-3722D3426A77}
	EndGlobalSection
EndGlobal
